// !$*UTF8*$!
{
	archiveVersion = 1;
	classes = {
	};
	objectVersion = 50;
	objects = {

/* Begin PBXBuildFile section */
		51430EF526995796004CD1EF /* LandMarksApp.swift in Sources */ = {isa = PBXBuildFile; fileRef = 51430EF426995796004CD1EF /* LandMarksApp.swift */; };
		51430EF726995796004CD1EF /* ContentView.swift in Sources */ = {isa = PBXBuildFile; fileRef = 51430EF626995796004CD1EF /* ContentView.swift */; };
		51430EF926995797004CD1EF /* Assets.xcassets in Resources */ = {isa = PBXBuildFile; fileRef = 51430EF826995797004CD1EF /* Assets.xcassets */; };
		51430EFC26995797004CD1EF /* Preview Assets.xcassets in Resources */ = {isa = PBXBuildFile; fileRef = 51430EFB26995797004CD1EF /* Preview Assets.xcassets */; };
		51430F0426996688004CD1EF /* CircleImage.swift in Sources */ = {isa = PBXBuildFile; fileRef = 51430F0326996688004CD1EF /* CircleImage.swift */; };
		515823E726996C5800083EB2 /* MapView.swift in Sources */ = {isa = PBXBuildFile; fileRef = 515823E626996C5800083EB2 /* MapView.swift */; };
		515823E92699F5A400083EB2 /* landmarkData.json in Resources */ = {isa = PBXBuildFile; fileRef = 515823E82699F5A400083EB2 /* landmarkData.json */; };
		515823EB2699F5DA00083EB2 /* Landmark.swift in Sources */ = {isa = PBXBuildFile; fileRef = 515823EA2699F5DA00083EB2 /* Landmark.swift */; };
		515823ED2699FBD300083EB2 /* DataModel.swift in Sources */ = {isa = PBXBuildFile; fileRef = 515823EC2699FBD300083EB2 /* DataModel.swift */; };
		515823F2269A058200083EB2 /* LandmarkRow.swift in Sources */ = {isa = PBXBuildFile; fileRef = 515823F1269A058200083EB2 /* LandmarkRow.swift */; };
		515823F4269A0CAA00083EB2 /* LandmarkList.swift in Sources */ = {isa = PBXBuildFile; fileRef = 515823F3269A0CAA00083EB2 /* LandmarkList.swift */; };
		515823F6269A100700083EB2 /* LandmarkDetail.swift in Sources */ = {isa = PBXBuildFile; fileRef = 515823F5269A100700083EB2 /* LandmarkDetail.swift */; };
/* End PBXBuildFile section */

/* Begin PBXFileReference section */
		51430EF126995796004CD1EF /* LandMarks.app */ = {isa = PBXFileReference; explicitFileType = wrapper.application; includeInIndex = 0; path = LandMarks.app; sourceTree = BUILT_PRODUCTS_DIR; };
		51430EF426995796004CD1EF /* LandMarksApp.swift */ = {isa = PBXFileReference; lastKnownFileType = sourcecode.swift; path = LandMarksApp.swift; sourceTree = "<group>"; };
		51430EF626995796004CD1EF /* ContentView.swift */ = {isa = PBXFileReference; lastKnownFileType = sourcecode.swift; path = ContentView.swift; sourceTree = "<group>"; };
		51430EF826995797004CD1EF /* Assets.xcassets */ = {isa = PBXFileReference; lastKnownFileType = folder.assetcatalog; path = Assets.xcassets; sourceTree = "<group>"; };
		51430EFB26995797004CD1EF /* Preview Assets.xcassets */ = {isa = PBXFileReference; lastKnownFileType = folder.assetcatalog; path = "Preview Assets.xcassets"; sourceTree = "<group>"; };
		51430EFD26995797004CD1EF /* Info.plist */ = {isa = PBXFileReference; lastKnownFileType = text.plist.xml; path = Info.plist; sourceTree = "<group>"; };
		51430F0326996688004CD1EF /* CircleImage.swift */ = {isa = PBXFileReference; lastKnownFileType = sourcecode.swift; path = CircleImage.swift; sourceTree = "<group>"; };
		515823E626996C5800083EB2 /* MapView.swift */ = {isa = PBXFileReference; lastKnownFileType = sourcecode.swift; path = MapView.swift; sourceTree = "<group>"; };
		515823E82699F5A400083EB2 /* landmarkData.json */ = {isa = PBXFileReference; fileEncoding = 4; lastKnownFileType = text.json; path = landmarkData.json; sourceTree = "<group>"; };
		515823EA2699F5DA00083EB2 /* Landmark.swift */ = {isa = PBXFileReference; lastKnownFileType = sourcecode.swift; path = Landmark.swift; sourceTree = "<group>"; };
		515823EC2699FBD300083EB2 /* DataModel.swift */ = {isa = PBXFileReference; lastKnownFileType = sourcecode.swift; path = DataModel.swift; sourceTree = "<group>"; };
		515823F1269A058200083EB2 /* LandmarkRow.swift */ = {isa = PBXFileReference; lastKnownFileType = sourcecode.swift; path = LandmarkRow.swift; sourceTree = "<group>"; };
		515823F3269A0CAA00083EB2 /* LandmarkList.swift */ = {isa = PBXFileReference; lastKnownFileType = sourcecode.swift; path = LandmarkList.swift; sourceTree = "<group>"; };
		515823F5269A100700083EB2 /* LandmarkDetail.swift */ = {isa = PBXFileReference; lastKnownFileType = sourcecode.swift; path = LandmarkDetail.swift; sourceTree = "<group>"; };
/* End PBXFileReference section */

/* Begin PBXFrameworksBuildPhase section */
		51430EEE26995796004CD1EF /* Frameworks */ = {
			isa = PBXFrameworksBuildPhase;
			buildActionMask = 2147483647;
			files = (
			);
			runOnlyForDeploymentPostprocessing = 0;
		};
/* End PBXFrameworksBuildPhase section */

/* Begin PBXGroup section */
		51430EE826995796004CD1EF = {
			isa = PBXGroup;
			children = (
				51430EF326995796004CD1EF /* LandMarks */,
				51430EF226995796004CD1EF /* Products */,
			);
			sourceTree = "<group>";
		};
		51430EF226995796004CD1EF /* Products */ = {
			isa = PBXGroup;
			children = (
				51430EF126995796004CD1EF /* LandMarks.app */,
			);
			name = Products;
			sourceTree = "<group>";
		};
		51430EF326995796004CD1EF /* LandMarks */ = {
			isa = PBXGroup;
			children = (
				51430EFD26995797004CD1EF /* Info.plist */,
				51430EF426995796004CD1EF /* LandMarksApp.swift */,
				51430EF826995797004CD1EF /* Assets.xcassets */,
				515823EF269A051200083EB2 /* Model */,
				51430EFA26995797004CD1EF /* Preview Content */,
				515823F0269A052000083EB2 /* Resources */,
				515823EE269A04DC00083EB2 /* Views */,
			);
			path = LandMarks;
			sourceTree = "<group>";
		};
		51430EFA26995797004CD1EF /* Preview Content */ = {
			isa = PBXGroup;
			children = (
				51430EFB26995797004CD1EF /* Preview Assets.xcassets */,
			);
			path = "Preview Content";
			sourceTree = "<group>";
		};
		515823EE269A04DC00083EB2 /* Views */ = {
			isa = PBXGroup;
			children = (
				51430F0326996688004CD1EF /* CircleImage.swift */,
				51430EF626995796004CD1EF /* ContentView.swift */,
				515823E626996C5800083EB2 /* MapView.swift */,
				515823F1269A058200083EB2 /* LandmarkRow.swift */,
				515823F3269A0CAA00083EB2 /* LandmarkList.swift */,
				515823F5269A100700083EB2 /* LandmarkDetail.swift */,
			);
			path = Views;
			sourceTree = "<group>";
		};
		515823EF269A051200083EB2 /* Model */ = {
			isa = PBXGroup;
			children = (
				515823EA2699F5DA00083EB2 /* Landmark.swift */,
				515823EC2699FBD300083EB2 /* DataModel.swift */,
			);
			path = Model;
			sourceTree = "<group>";
		};
		515823F0269A052000083EB2 /* Resources */ = {
			isa = PBXGroup;
			children = (
				515823E82699F5A400083EB2 /* landmarkData.json */,
			);
			path = Resources;
			sourceTree = "<group>";
		};
/* End PBXGroup section */

/* Begin PBXNativeTarget section */
		51430EF026995796004CD1EF /* LandMarks */ = {
			isa = PBXNativeTarget;
			buildConfigurationList = 51430F0026995797004CD1EF /* Build configuration list for PBXNativeTarget "LandMarks" */;
			buildPhases = (
				51430EED26995796004CD1EF /* Sources */,
				51430EEE26995796004CD1EF /* Frameworks */,
				51430EEF26995796004CD1EF /* Resources */,
			);
			buildRules = (
			);
			dependencies = (
			);
			name = LandMarks;
			productName = LandMarks;
			productReference = 51430EF126995796004CD1EF /* LandMarks.app */;
			productType = "com.apple.product-type.application";
		};
/* End PBXNativeTarget section */

/* Begin PBXProject section */
		51430EE926995796004CD1EF /* Project object */ = {
			isa = PBXProject;
			attributes = {
				LastSwiftUpdateCheck = 1250;
				LastUpgradeCheck = 1250;
				TargetAttributes = {
					51430EF026995796004CD1EF = {
						CreatedOnToolsVersion = 12.5.1;
					};
				};
			};
			buildConfigurationList = 51430EEC26995796004CD1EF /* Build configuration list for PBXProject "LandMarks" */;
			compatibilityVersion = "Xcode 9.3";
			developmentRegion = en;
			hasScannedForEncodings = 0;
			knownRegions = (
				en,
				Base,
			);
			mainGroup = 51430EE826995796004CD1EF;
			productRefGroup = 51430EF226995796004CD1EF /* Products */;
			projectDirPath = "";
			projectRoot = "";
			targets = (
				51430EF026995796004CD1EF /* LandMarks */,
			);
		};
/* End PBXProject section */

/* Begin PBXResourcesBuildPhase section */
		51430EEF26995796004CD1EF /* Resources */ = {
			isa = PBXResourcesBuildPhase;
			buildActionMask = 2147483647;
			files = (
				51430EFC26995797004CD1EF /* Preview Assets.xcassets in Resources */,
				51430EF926995797004CD1EF /* Assets.xcassets in Resources */,
				515823E92699F5A400083EB2 /* landmarkData.json in Resources */,
			);
			runOnlyForDeploymentPostprocessing = 0;
		};
/* End PBXResourcesBuildPhase section */

/* Begin PBXSourcesBuildPhase section */
		51430EED26995796004CD1EF /* Sources */ = {
			isa = PBXSourcesBuildPhase;
			buildActionMask = 2147483647;
			files = (
				51430EF726995796004CD1EF /* ContentView.swift in Sources */,
				515823E726996C5800083EB2 /* MapView.swift in Sources */,
				51430EF526995796004CD1EF /* LandMarksApp.swift in Sources */,
				515823F4269A0CAA00083EB2 /* LandmarkList.swift in Sources */,
				515823F6269A100700083EB2 /* LandmarkDetail.swift in Sources */,
				51430F0426996688004CD1EF /* CircleImage.swift in Sources */,
				515823EB2699F5DA00083EB2 /* Landmark.swift in Sources */,
				515823F2269A058200083EB2 /* LandmarkRow.swift in Sources */,
				515823ED2699FBD300083EB2 /* DataModel.swift in Sources */,
			);
			runOnlyForDeploymentPostprocessing = 0;
		};
/* End PBXSourcesBuildPhase section */

/* Begin XCBuildConfiguration section */
		51430EFE26995797004CD1EF /* Debug */ = {
			isa = XCBuildConfiguration;
			buildSettings = {
				ALWAYS_SEARCH_USER_PATHS = NO;
				CLANG_ANALYZER_NONNULL = YES;
				CLANG_ANALYZER_NUMBER_OBJECT_CONVERSION = YES_AGGRESSIVE;
				CLANG_CXX_LANGUAGE_STANDARD = "gnu++14";
				CLANG_CXX_LIBRARY = "libc++";
				CLANG_ENABLE_MODULES = YES;
				CLANG_ENABLE_OBJC_ARC = YES;
				CLANG_ENABLE_OBJC_WEAK = YES;
				CLANG_WARN_BLOCK_CAPTURE_AUTORELEASING = YES;
				CLANG_WARN_BOOL_CONVERSION = YES;
				CLANG_WARN_COMMA = YES;
				CLANG_WARN_CONSTANT_CONVERSION = YES;
				CLANG_WARN_DEPRECATED_OBJC_IMPLEMENTATIONS = YES;
				CLANG_WARN_DIRECT_OBJC_ISA_USAGE = YES_ERROR;
				CLANG_WARN_DOCUMENTATION_COMMENTS = YES;
				CLANG_WARN_EMPTY_BODY = YES;
				CLANG_WARN_ENUM_CONVERSION = YES;
				CLANG_WARN_INFINITE_RECURSION = YES;
				CLANG_WARN_INT_CONVERSION = YES;
				CLANG_WARN_NON_LITERAL_NULL_CONVERSION = YES;
				CLANG_WARN_OBJC_IMPLICIT_RETAIN_SELF = YES;
				CLANG_WARN_OBJC_LITERAL_CONVERSION = YES;
				CLANG_WARN_OBJC_ROOT_CLASS = YES_ERROR;
				CLANG_WARN_QUOTED_INCLUDE_IN_FRAMEWORK_HEADER = YES;
				CLANG_WARN_RANGE_LOOP_ANALYSIS = YES;
				CLANG_WARN_STRICT_PROTOTYPES = YES;
				CLANG_WARN_SUSPICIOUS_MOVE = YES;
				CLANG_WARN_UNGUARDED_AVAILABILITY = YES_AGGRESSIVE;
				CLANG_WARN_UNREACHABLE_CODE = YES;
				CLANG_WARN__DUPLICATE_METHOD_MATCH = YES;
				COPY_PHASE_STRIP = NO;
				DEBUG_INFORMATION_FORMAT = dwarf;
				ENABLE_STRICT_OBJC_MSGSEND = YES;
				ENABLE_TESTABILITY = YES;
				GCC_C_LANGUAGE_STANDARD = gnu11;
				GCC_DYNAMIC_NO_PIC = NO;
				GCC_NO_COMMON_BLOCKS = YES;
				GCC_OPTIMIZATION_LEVEL = 0;
				GCC_PREPROCESSOR_DEFINITIONS = (
					"DEBUG=1",
					"$(inherited)",
				);
				GCC_WARN_64_TO_32_BIT_CONVERSION = YES;
				GCC_WARN_ABOUT_RETURN_TYPE = YES_ERROR;
				GCC_WARN_UNDECLARED_SELECTOR = YES;
				GCC_WARN_UNINITIALIZED_AUTOS = YES_AGGRESSIVE;
				GCC_WARN_UNUSED_FUNCTION = YES;
				GCC_WARN_UNUSED_VARIABLE = YES;
				IPHONEOS_DEPLOYMENT_TARGET = 14.5;
				MTL_ENABLE_DEBUG_INFO = INCLUDE_SOURCE;
				MTL_FAST_MATH = YES;
				ONLY_ACTIVE_ARCH = YES;
				SDKROOT = iphoneos;
				SWIFT_ACTIVE_COMPILATION_CONDITIONS = DEBUG;
				SWIFT_OPTIMIZATION_LEVEL = "-Onone";
			};
			name = Debug;
		};
		51430EFF26995797004CD1EF /* Release */ = {
			isa = XCBuildConfiguration;
			buildSettings = {
				ALWAYS_SEARCH_USER_PATHS = NO;
				CLANG_ANALYZER_NONNULL = YES;
				CLANG_ANALYZER_NUMBER_OBJECT_CONVERSION = YES_AGGRESSIVE;
				CLANG_CXX_LANGUAGE_STANDARD = "gnu++14";
				CLANG_CXX_LIBRARY = "libc++";
				CLANG_ENABLE_MODULES = YES;
				CLANG_ENABLE_OBJC_ARC = YES;
				CLANG_ENABLE_OBJC_WEAK = YES;
				CLANG_WARN_BLOCK_CAPTURE_AUTORELEASING = YES;
				CLANG_WARN_BOOL_CONVERSION = YES;
				CLANG_WARN_COMMA = YES;
				CLANG_WARN_CONSTANT_CONVERSION = YES;
				CLANG_WARN_DEPRECATED_OBJC_IMPLEMENTATIONS = YES;
				CLANG_WARN_DIRECT_OBJC_ISA_USAGE = YES_ERROR;
				CLANG_WARN_DOCUMENTATION_COMMENTS = YES;
				CLANG_WARN_EMPTY_BODY = YES;
				CLANG_WARN_ENUM_CONVERSION = YES;
				CLANG_WARN_INFINITE_RECURSION = YES;
				CLANG_WARN_INT_CONVERSION = YES;
				CLANG_WARN_NON_LITERAL_NULL_CONVERSION = YES;
				CLANG_WARN_OBJC_IMPLICIT_RETAIN_SELF = YES;
				CLANG_WARN_OBJC_LITERAL_CONVERSION = YES;
				CLANG_WARN_OBJC_ROOT_CLASS = YES_ERROR;
				CLANG_WARN_QUOTED_INCLUDE_IN_FRAMEWORK_HEADER = YES;
				CLANG_WARN_RANGE_LOOP_ANALYSIS = YES;
				CLANG_WARN_STRICT_PROTOTYPES = YES;
				CLANG_WARN_SUSPICIOUS_MOVE = YES;
				CLANG_WARN_UNGUARDED_AVAILABILITY = YES_AGGRESSIVE;
				CLANG_WARN_UNREACHABLE_CODE = YES;
				CLANG_WARN__DUPLICATE_METHOD_MATCH = YES;
				COPY_PHASE_STRIP = NO;
				DEBUG_INFORMATION_FORMAT = "dwarf-with-dsym";
				ENABLE_NS_ASSERTIONS = NO;
				ENABLE_STRICT_OBJC_MSGSEND = YES;
				GCC_C_LANGUAGE_STANDARD = gnu11;
				GCC_NO_COMMON_BLOCKS = YES;
				GCC_WARN_64_TO_32_BIT_CONVERSION = YES;
				GCC_WARN_ABOUT_RETURN_TYPE = YES_ERROR;
				GCC_WARN_UNDECLARED_SELECTOR = YES;
				GCC_WARN_UNINITIALIZED_AUTOS = YES_AGGRESSIVE;
				GCC_WARN_UNUSED_FUNCTION = YES;
				GCC_WARN_UNUSED_VARIABLE = YES;
				IPHONEOS_DEPLOYMENT_TARGET = 14.5;
				MTL_ENABLE_DEBUG_INFO = NO;
				MTL_FAST_MATH = YES;
				SDKROOT = iphoneos;
				SWIFT_COMPILATION_MODE = wholemodule;
				SWIFT_OPTIMIZATION_LEVEL = "-O";
				VALIDATE_PRODUCT = YES;
			};
			name = Release;
		};
		51430F0126995797004CD1EF /* Debug */ = {
			isa = XCBuildConfiguration;
			buildSettings = {
				ASSETCATALOG_COMPILER_APPICON_NAME = AppIcon;
				ASSETCATALOG_COMPILER_GLOBAL_ACCENT_COLOR_NAME = AccentColor;
				CODE_SIGN_STYLE = Automatic;
				DEVELOPMENT_ASSET_PATHS = "\"LandMarks/Preview Content\"";
				DEVELOPMENT_TEAM = 57P3LP28Q9;
				ENABLE_PREVIEWS = YES;
				INFOPLIST_FILE = LandMarks/Info.plist;
				IPHONEOS_DEPLOYMENT_TARGET = 14.0;
				LD_RUNPATH_SEARCH_PATHS = (
					"$(inherited)",
					"@executable_path/Frameworks",
				);
				PRODUCT_BUNDLE_IDENTIFIER = com.dilloncloud.LandMarks;
				PRODUCT_NAME = "$(TARGET_NAME)";
				SWIFT_VERSION = 5.0;
				TARGETED_DEVICE_FAMILY = "1,2";
			};
			name = Debug;
		};
		51430F0226995797004CD1EF /* Release */ = {
			isa = XCBuildConfiguration;
			buildSettings = {
				ASSETCATALOG_COMPILER_APPICON_NAME = AppIcon;
				ASSETCATALOG_COMPILER_GLOBAL_ACCENT_COLOR_NAME = AccentColor;
				CODE_SIGN_STYLE = Automatic;
				DEVELOPMENT_ASSET_PATHS = "\"LandMarks/Preview Content\"";
				DEVELOPMENT_TEAM = 57P3LP28Q9;
				ENABLE_PREVIEWS = YES;
				INFOPLIST_FILE = LandMarks/Info.plist;
				IPHONEOS_DEPLOYMENT_TARGET = 14.0;
				LD_RUNPATH_SEARCH_PATHS = (
					"$(inherited)",
					"@executable_path/Frameworks",
				);
				PRODUCT_BUNDLE_IDENTIFIER = com.dilloncloud.LandMarks;
				PRODUCT_NAME = "$(TARGET_NAME)";
				SWIFT_VERSION = 5.0;
				TARGETED_DEVICE_FAMILY = "1,2";
			};
			name = Release;
		};
/* End XCBuildConfiguration section */

/* Begin XCConfigurationList section */
		51430EEC26995796004CD1EF /* Build configuration list for PBXProject "LandMarks" */ = {
			isa = XCConfigurationList;
			buildConfigurations = (
				51430EFE26995797004CD1EF /* Debug */,
				51430EFF26995797004CD1EF /* Release */,
			);
			defaultConfigurationIsVisible = 0;
			defaultConfigurationName = Release;
		};
		51430F0026995797004CD1EF /* Build configuration list for PBXNativeTarget "LandMarks" */ = {
			isa = XCConfigurationList;
			buildConfigurations = (
				51430F0126995797004CD1EF /* Debug */,
				51430F0226995797004CD1EF /* Release */,
			);
			defaultConfigurationIsVisible = 0;
			defaultConfigurationName = Release;
		};
/* End XCConfigurationList section */
	};
	rootObject = 51430EE926995796004CD1EF /* Project object */;
}
